# THIS IS AN AUTOGENERATED FILE. DO NOT EDIT THIS FILE DIRECTLY.
# yarn lockfile v1


bail@^1.0.0:
  version "1.0.3"
  resolved "https://registry.yarnpkg.com/bail/-/bail-1.0.3.tgz#63cfb9ddbac829b02a3128cd53224be78e6c21a3"

ccount@^1.0.0:
  version "1.0.3"
  resolved "https://registry.yarnpkg.com/ccount/-/ccount-1.0.3.tgz#f1cec43f332e2ea5a569fd46f9f5bde4e6102aff"

character-entities-html4@^1.0.0:
  version "1.1.2"
  resolved "https://registry.yarnpkg.com/character-entities-html4/-/character-entities-html4-1.1.2.tgz#c44fdde3ce66b52e8d321d6c1bf46101f0150610"

character-entities-legacy@^1.0.0:
  version "1.1.2"
  resolved "https://registry.yarnpkg.com/character-entities-legacy/-/character-entities-legacy-1.1.2.tgz#7c6defb81648498222c9855309953d05f4d63a9c"

character-entities@^1.0.0:
  version "1.2.2"
  resolved "https://registry.yarnpkg.com/character-entities/-/character-entities-1.2.2.tgz#58c8f371c0774ef0ba9b2aca5f00d8f100e6e363"

character-reference-invalid@^1.0.0:
  version "1.1.2"
  resolved "https://registry.yarnpkg.com/character-reference-invalid/-/character-reference-invalid-1.1.2.tgz#21e421ad3d84055952dab4a43a04e73cd425d3ed"

co@3.1.0:
  version "3.1.0"
  resolved "https://registry.yarnpkg.com/co/-/co-3.1.0.tgz#4ea54ea5a08938153185e15210c68d9092bc1b78"

collapse-white-space@^1.0.0, collapse-white-space@^1.0.2:
  version "1.0.4"
  resolved "https://registry.yarnpkg.com/collapse-white-space/-/collapse-white-space-1.0.4.tgz#ce05cf49e54c3277ae573036a26851ba430a0091"

comma-separated-tokens@^1.0.1:
  version "1.0.5"
  resolved "https://registry.yarnpkg.com/comma-separated-tokens/-/comma-separated-tokens-1.0.5.tgz#b13793131d9ea2d2431cf5b507ddec258f0ce0db"
  dependencies:
    trim "0.0.1"

detab@^2.0.0:
  version "2.0.1"
  resolved "https://registry.yarnpkg.com/detab/-/detab-2.0.1.tgz#531f5e326620e2fd4f03264a905fb3bcc8af4df4"
  dependencies:
    repeat-string "^1.5.4"

extend@^3.0.0:
  version "3.0.2"
  resolved "https://registry.yarnpkg.com/extend/-/extend-3.0.2.tgz#f8b1136b4071fbd8eb140aff858b1019ec2915fa"

hast-util-is-element@^1.0.0:
  version "1.0.1"
  resolved "https://registry.yarnpkg.com/hast-util-is-element/-/hast-util-is-element-1.0.1.tgz#c76e8aafbdb6e5c83265bf50324e2f2e024eb12a"

hast-util-sanitize@^1.0.0:
  version "1.2.0"
  resolved "https://registry.yarnpkg.com/hast-util-sanitize/-/hast-util-sanitize-1.2.0.tgz#1a46bc8e8554f4747d219dd1d85f9cb245b1b08d"
  dependencies:
    xtend "^4.0.1"

hast-util-to-html@^4.0.0:
  version "4.0.1"
  resolved "https://registry.yarnpkg.com/hast-util-to-html/-/hast-util-to-html-4.0.1.tgz#3666b05afb62bd69f8f5e6c94db04dea19438e2a"
  dependencies:
    ccount "^1.0.0"
    comma-separated-tokens "^1.0.1"
    hast-util-is-element "^1.0.0"
    hast-util-whitespace "^1.0.0"
    html-void-elements "^1.0.0"
    property-information "^4.0.0"
    space-separated-tokens "^1.0.0"
    stringify-entities "^1.0.1"
    unist-util-is "^2.0.0"
    xtend "^4.0.1"

hast-util-whitespace@^1.0.0:
  version "1.0.1"
  resolved "https://registry.yarnpkg.com/hast-util-whitespace/-/hast-util-whitespace-1.0.1.tgz#d67da2c87637b1ce1d85dd15b270ba057930149a"

html-void-elements@^1.0.0:
  version "1.0.3"
  resolved "https://registry.yarnpkg.com/html-void-elements/-/html-void-elements-1.0.3.tgz#956707dbecd10cf658c92c5d27fee763aa6aa982"

inherits@^2.0.1:
  version "2.0.3"
  resolved "https://registry.yarnpkg.com/inherits/-/inherits-2.0.3.tgz#633c2c83e3da42a502f52466022480f4208261de"

irregular-plurals@^2.0.0:
  version "2.0.0"
  resolved "https://registry.yarnpkg.com/irregular-plurals/-/irregular-plurals-2.0.0.tgz#39d40f05b00f656d0b7fa471230dd3b714af2872"

is-alphabetical@^1.0.0:
  version "1.0.2"
  resolved "https://registry.yarnpkg.com/is-alphabetical/-/is-alphabetical-1.0.2.tgz#1fa6e49213cb7885b75d15862fb3f3d96c884f41"

is-alphanumeric@^1.0.0:
  version "1.0.0"
  resolved "https://registry.yarnpkg.com/is-alphanumeric/-/is-alphanumeric-1.0.0.tgz#4a9cef71daf4c001c1d81d63d140cf53fd6889f4"

is-alphanumerical@^1.0.0:
  version "1.0.2"
  resolved "https://registry.yarnpkg.com/is-alphanumerical/-/is-alphanumerical-1.0.2.tgz#1138e9ae5040158dc6ff76b820acd6b7a181fd40"
  dependencies:
    is-alphabetical "^1.0.0"
    is-decimal "^1.0.0"

is-buffer@^1.1.4:
  version "1.1.6"
  resolved "https://registry.yarnpkg.com/is-buffer/-/is-buffer-1.1.6.tgz#efaa2ea9daa0d7ab2ea13a97b2b8ad51fefbe8be"

is-decimal@^1.0.0:
  version "1.0.2"
  resolved "https://registry.yarnpkg.com/is-decimal/-/is-decimal-1.0.2.tgz#894662d6a8709d307f3a276ca4339c8fa5dff0ff"

is-hexadecimal@^1.0.0:
  version "1.0.2"
  resolved "https://registry.yarnpkg.com/is-hexadecimal/-/is-hexadecimal-1.0.2.tgz#b6e710d7d07bb66b98cb8cece5c9b4921deeb835"

is-plain-obj@^1.1.0:
  version "1.1.0"
  resolved "https://registry.yarnpkg.com/is-plain-obj/-/is-plain-obj-1.1.0.tgz#71a50c8429dfca773c92a390a4a03b39fcd51d3e"

is-whitespace-character@^1.0.0:
  version "1.0.2"
  resolved "https://registry.yarnpkg.com/is-whitespace-character/-/is-whitespace-character-1.0.2.tgz#ede53b4c6f6fb3874533751ec9280d01928d03ed"

is-word-character@^1.0.0:
  version "1.0.2"
  resolved "https://registry.yarnpkg.com/is-word-character/-/is-word-character-1.0.2.tgz#46a5dac3f2a1840898b91e576cd40d493f3ae553"

longest-streak@^2.0.1:
  version "2.0.2"
  resolved "https://registry.yarnpkg.com/longest-streak/-/longest-streak-2.0.2.tgz#2421b6ba939a443bb9ffebf596585a50b4c38e2e"

markdown-escapes@^1.0.0:
  version "1.0.2"
  resolved "https://registry.yarnpkg.com/markdown-escapes/-/markdown-escapes-1.0.2.tgz#e639cbde7b99c841c0bacc8a07982873b46d2122"

markdown-table@^1.1.0:
  version "1.1.2"
  resolved "https://registry.yarnpkg.com/markdown-table/-/markdown-table-1.1.2.tgz#c78db948fa879903a41bce522e3b96f801c63786"

mdast-comment-marker@^1.0.0:
  version "1.0.3"
  resolved "https://registry.yarnpkg.com/mdast-comment-marker/-/mdast-comment-marker-1.0.3.tgz#1ead204b73e8759d29785ef3024a1e43510d38e5"

mdast-util-compact@^1.0.0:
  version "1.0.2"
  resolved "https://registry.yarnpkg.com/mdast-util-compact/-/mdast-util-compact-1.0.2.tgz#c12ebe16fffc84573d3e19767726de226e95f649"
  dependencies:
    unist-util-visit "^1.1.0"

mdast-util-definitions@^1.2.0:
  version "1.2.3"
  resolved "https://registry.yarnpkg.com/mdast-util-definitions/-/mdast-util-definitions-1.2.3.tgz#49f936b09207c45b438db19551652934312f04f0"
  dependencies:
    unist-util-visit "^1.0.0"

mdast-util-heading-style@^1.0.2:
  version "1.0.4"
  resolved "https://registry.yarnpkg.com/mdast-util-heading-style/-/mdast-util-heading-style-1.0.4.tgz#8e796de77f91c141691620ebbb5c9140609e3fd2"

mdast-util-to-hast@^3.0.0:
  version "3.0.2"
  resolved "https://registry.yarnpkg.com/mdast-util-to-hast/-/mdast-util-to-hast-3.0.2.tgz#26b1971f49d6db1e3428463a12e66c89db5021cb"
  dependencies:
    collapse-white-space "^1.0.0"
    detab "^2.0.0"
    mdast-util-definitions "^1.2.0"
    mdurl "^1.0.1"
    trim "0.0.1"
    trim-lines "^1.0.0"
    unist-builder "^1.0.1"
    unist-util-generated "^1.1.0"
    unist-util-position "^3.0.0"
    unist-util-visit "^1.1.0"
    xtend "^4.0.1"

mdast-util-to-string@^1.0.2:
  version "1.0.5"
  resolved "https://registry.yarnpkg.com/mdast-util-to-string/-/mdast-util-to-string-1.0.5.tgz#3552b05428af22ceda34f156afe62ec8e6d731ca"

mdurl@^1.0.1:
  version "1.0.1"
  resolved "https://registry.yarnpkg.com/mdurl/-/mdurl-1.0.1.tgz#fe85b2ec75a59037f2adfec100fd6c601761152e"

object-assign@^4.1.0:
  version "4.1.1"
  resolved "https://registry.yarnpkg.com/object-assign/-/object-assign-4.1.1.tgz#2109adc7965887cfc05cbbd442cac8bfbb360863"

parse-entities@^1.0.2, parse-entities@^1.1.0:
  version "1.1.2"
  resolved "https://registry.yarnpkg.com/parse-entities/-/parse-entities-1.1.2.tgz#9eaf719b29dc3bd62246b4332009072e01527777"
  dependencies:
    character-entities "^1.0.0"
    character-entities-legacy "^1.0.0"
    character-reference-invalid "^1.0.0"
    is-alphanumerical "^1.0.0"
    is-decimal "^1.0.0"
    is-hexadecimal "^1.0.0"

plur@^3.0.0:
  version "3.0.1"
  resolved "https://registry.yarnpkg.com/plur/-/plur-3.0.1.tgz#268652d605f816699b42b86248de73c9acd06a7c"
  dependencies:
    irregular-plurals "^2.0.0"

property-information@^4.0.0:
  version "4.2.0"
  resolved "https://registry.yarnpkg.com/property-information/-/property-information-4.2.0.tgz#f0e66e07cbd6fed31d96844d958d153ad3eb486e"
  dependencies:
    xtend "^4.0.1"

remark-html@^8.0.0:
  version "8.0.0"
  resolved "https://registry.yarnpkg.com/remark-html/-/remark-html-8.0.0.tgz#9fcb859a6f3cb40f3ef15402950f1a62ec301b3a"
  dependencies:
    hast-util-sanitize "^1.0.0"
    hast-util-to-html "^4.0.0"
    mdast-util-to-hast "^3.0.0"
    xtend "^4.0.1"

remark-lint-final-newline@^1.0.0:
  version "1.0.2"
  resolved "https://registry.yarnpkg.com/remark-lint-final-newline/-/remark-lint-final-newline-1.0.2.tgz#13b9ff6bd3e9c377286b439d8f14b04efde3898f"
  dependencies:
    unified-lint-rule "^1.0.0"

remark-lint-hard-break-spaces@^1.0.0:
  version "1.0.3"
  resolved "https://registry.yarnpkg.com/remark-lint-hard-break-spaces/-/remark-lint-hard-break-spaces-1.0.3.tgz#0485fc09265dcea436f5eb3420a3b6f616c6fad7"
  dependencies:
    unified-lint-rule "^1.0.0"
    unist-util-generated "^1.1.0"
    unist-util-position "^3.0.0"
    unist-util-visit "^1.1.1"

remark-lint-list-item-bullet-indent@^1.0.0:
  version "1.0.2"
  resolved "https://registry.yarnpkg.com/remark-lint-list-item-bullet-indent/-/remark-lint-list-item-bullet-indent-1.0.2.tgz#82461e7295b9e208e7c41b62d30476a69727b0cb"
  dependencies:
    plur "^3.0.0"
    unified-lint-rule "^1.0.0"
    unist-util-generated "^1.1.0"
    unist-util-position "^3.0.0"
    unist-util-visit "^1.1.1"

remark-lint-list-item-indent@^1.0.0:
  version "1.0.2"
  resolved "https://registry.yarnpkg.com/remark-lint-list-item-indent/-/remark-lint-list-item-indent-1.0.2.tgz#f8208f333a25bbaafdeda707e73523d6bb0f90cf"
  dependencies:
    plur "^3.0.0"
    unified-lint-rule "^1.0.0"
    unist-util-generated "^1.1.0"
    unist-util-position "^3.0.0"
    unist-util-visit "^1.1.1"

remark-lint-no-auto-link-without-protocol@^1.0.0:
  version "1.0.2"
  resolved "https://registry.yarnpkg.com/remark-lint-no-auto-link-without-protocol/-/remark-lint-no-auto-link-without-protocol-1.0.2.tgz#4532087419b1b131b4057ecf0a3a446f0afc2c6e"
  dependencies:
    mdast-util-to-string "^1.0.2"
    unified-lint-rule "^1.0.0"
    unist-util-generated "^1.1.0"
    unist-util-position "^3.0.0"
    unist-util-visit "^1.1.1"

remark-lint-no-blockquote-without-marker@^2.0.0:
  version "2.0.2"
  resolved "https://registry.yarnpkg.com/remark-lint-no-blockquote-without-marker/-/remark-lint-no-blockquote-without-marker-2.0.2.tgz#61b6a0a74fbfba8fd168ac0fcc2a673eb47b9880"
  dependencies:
    unified-lint-rule "^1.0.0"
    unist-util-generated "^1.1.0"
    unist-util-position "^3.0.0"
    unist-util-visit "^1.1.1"
    vfile-location "^2.0.1"

remark-lint-no-duplicate-definitions@^1.0.0:
  version "1.0.2"
  resolved "https://registry.yarnpkg.com/remark-lint-no-duplicate-definitions/-/remark-lint-no-duplicate-definitions-1.0.2.tgz#d27d394ab543f8064a97e2509b49220449f961cb"
  dependencies:
    unified-lint-rule "^1.0.0"
    unist-util-generated "^1.1.0"
    unist-util-position "^3.0.0"
    unist-util-stringify-position "^1.1.2"
    unist-util-visit "^1.1.1"

remark-lint-no-heading-content-indent@^1.0.0:
  version "1.0.2"
  resolved "https://registry.yarnpkg.com/remark-lint-no-heading-content-indent/-/remark-lint-no-heading-content-indent-1.0.2.tgz#812c4af2a18491bbf278f15a6f533169203a1b3c"
  dependencies:
    mdast-util-heading-style "^1.0.2"
    plur "^3.0.0"
    unified-lint-rule "^1.0.0"
    unist-util-generated "^1.1.0"
    unist-util-position "^3.0.0"
    unist-util-visit "^1.1.1"

remark-lint-no-inline-padding@^1.0.0:
  version "1.0.2"
  resolved "https://registry.yarnpkg.com/remark-lint-no-inline-padding/-/remark-lint-no-inline-padding-1.0.2.tgz#aa189d88c0d3faa913007c2f04d72b20d84e577e"
  dependencies:
    mdast-util-to-string "^1.0.2"
    unified-lint-rule "^1.0.0"
    unist-util-generated "^1.1.0"
    unist-util-visit "^1.1.1"

remark-lint-no-literal-urls@^1.0.0:
  version "1.0.2"
  resolved "https://registry.yarnpkg.com/remark-lint-no-literal-urls/-/remark-lint-no-literal-urls-1.0.2.tgz#1c60160a76bd9ddacd42819b43dadeb481a530df"
  dependencies:
    mdast-util-to-string "^1.0.2"
    unified-lint-rule "^1.0.0"
    unist-util-generated "^1.1.0"
    unist-util-position "^3.0.0"
    unist-util-visit "^1.1.1"

remark-lint-no-shortcut-reference-image@^1.0.0:
  version "1.0.2"
  resolved "https://registry.yarnpkg.com/remark-lint-no-shortcut-reference-image/-/remark-lint-no-shortcut-reference-image-1.0.2.tgz#784011b832173ad9e87d4f40c90f935de0841764"
  dependencies:
    unified-lint-rule "^1.0.0"
    unist-util-generated "^1.1.0"
    unist-util-visit "^1.1.1"

remark-lint-no-shortcut-reference-link@^1.0.0:
  version "1.0.3"
  resolved "https://registry.yarnpkg.com/remark-lint-no-shortcut-reference-link/-/remark-lint-no-shortcut-reference-link-1.0.3.tgz#4210d37d234b427dd131eb11473a7a2d3719a819"
  dependencies:
    unified-lint-rule "^1.0.0"
    unist-util-generated "^1.1.0"
    unist-util-visit "^1.1.1"

remark-lint-no-undefined-references@^1.0.0:
  version "1.0.2"
  resolved "https://registry.yarnpkg.com/remark-lint-no-undefined-references/-/remark-lint-no-undefined-references-1.0.2.tgz#56a1a6db75258aa19556147c6bec59c9fbab45cd"
  dependencies:
    unified-lint-rule "^1.0.0"
    unist-util-generated "^1.1.0"
    unist-util-visit "^1.1.1"

remark-lint-no-unused-definitions@^1.0.0:
  version "1.0.2"
  resolved "https://registry.yarnpkg.com/remark-lint-no-unused-definitions/-/remark-lint-no-unused-definitions-1.0.2.tgz#5b1337f99e83a75d68bc6a0f31c8791dc497e26c"
  dependencies:
    unified-lint-rule "^1.0.0"
    unist-util-generated "^1.1.0"
    unist-util-visit "^1.1.1"

remark-lint-ordered-list-marker-style@^1.0.0:
  version "1.0.2"
  resolved "https://registry.yarnpkg.com/remark-lint-ordered-list-marker-style/-/remark-lint-ordered-list-marker-style-1.0.2.tgz#ad7461306a7701fc931245300dfd7dbd9fbb589f"
  dependencies:
    unified-lint-rule "^1.0.0"
    unist-util-generated "^1.1.0"
    unist-util-position "^3.0.0"
    unist-util-visit "^1.1.1"

remark-lint@^6.0.0:
  version "6.0.2"
  resolved "https://registry.yarnpkg.com/remark-lint/-/remark-lint-6.0.2.tgz#f4ac45536e4fbf3c9a523dfa1cca874c598554de"
  dependencies:
    remark-message-control "^4.0.0"

remark-message-control@^4.0.0:
  version "4.1.0"
  resolved "https://registry.yarnpkg.com/remark-message-control/-/remark-message-control-4.1.0.tgz#60bc7700a87381404c956dc04e688518d3830cff"
  dependencies:
    mdast-comment-marker "^1.0.0"
    unified-message-control "^1.0.0"
    xtend "^4.0.1"

remark-parse@^5.0.0:
  version "5.0.0"
  resolved "https://registry.yarnpkg.com/remark-parse/-/remark-parse-5.0.0.tgz#4c077f9e499044d1d5c13f80d7a98cf7b9285d95"
  dependencies:
    collapse-white-space "^1.0.2"
    is-alphabetical "^1.0.0"
    is-decimal "^1.0.0"
    is-whitespace-character "^1.0.0"
    is-word-character "^1.0.0"
    markdown-escapes "^1.0.0"
    parse-entities "^1.1.0"
    repeat-string "^1.5.4"
    state-toggle "^1.0.0"
    trim "0.0.1"
    trim-trailing-lines "^1.0.0"
    unherit "^1.0.4"
    unist-util-remove-position "^1.0.0"
    vfile-location "^2.0.0"
    xtend "^4.0.1"

remark-preset-lint-recommended@^3.0.2:
  version "3.0.2"
  resolved "https://registry.yarnpkg.com/remark-preset-lint-recommended/-/remark-preset-lint-recommended-3.0.2.tgz#5ce675678895ce7131326c12b6df9105a5d0632c"
  dependencies:
    remark-lint "^6.0.0"
    remark-lint-final-newline "^1.0.0"
    remark-lint-hard-break-spaces "^1.0.0"
    remark-lint-list-item-bullet-indent "^1.0.0"
    remark-lint-list-item-indent "^1.0.0"
    remark-lint-no-auto-link-without-protocol "^1.0.0"
    remark-lint-no-blockquote-without-marker "^2.0.0"
    remark-lint-no-duplicate-definitions "^1.0.0"
    remark-lint-no-heading-content-indent "^1.0.0"
    remark-lint-no-inline-padding "^1.0.0"
    remark-lint-no-literal-urls "^1.0.0"
    remark-lint-no-shortcut-reference-image "^1.0.0"
    remark-lint-no-shortcut-reference-link "^1.0.0"
    remark-lint-no-undefined-references "^1.0.0"
    remark-lint-no-unused-definitions "^1.0.0"
    remark-lint-ordered-list-marker-style "^1.0.0"

remark-stringify@^5.0.0:
  version "5.0.0"
  resolved "https://registry.yarnpkg.com/remark-stringify/-/remark-stringify-5.0.0.tgz#336d3a4d4a6a3390d933eeba62e8de4bd280afba"
  dependencies:
    ccount "^1.0.0"
    is-alphanumeric "^1.0.0"
    is-decimal "^1.0.0"
    is-whitespace-character "^1.0.0"
    longest-streak "^2.0.1"
    markdown-escapes "^1.0.0"
    markdown-table "^1.1.0"
    mdast-util-compact "^1.0.0"
    parse-entities "^1.0.2"
    repeat-string "^1.5.4"
    state-toggle "^1.0.0"
    stringify-entities "^1.0.1"
    unherit "^1.0.4"
    xtend "^4.0.1"

remark@^9.0.0:
  version "9.0.0"
  resolved "https://registry.yarnpkg.com/remark/-/remark-9.0.0.tgz#c5cfa8ec535c73a67c4b0f12bfdbd3a67d8b2f60"
  dependencies:
    remark-parse "^5.0.0"
    remark-stringify "^5.0.0"
    unified "^6.0.0"

repeat-string@^1.5.4:
  version "1.6.1"
  resolved "https://registry.yarnpkg.com/repeat-string/-/repeat-string-1.6.1.tgz#8dcae470e1c88abc2d600fff4a776286da75e637"

replace-ext@1.0.0:
  version "1.0.0"
  resolved "https://registry.yarnpkg.com/replace-ext/-/replace-ext-1.0.0.tgz#de63128373fcbf7c3ccfa4de5a480c45a67958eb"

sliced@^1.0.1:
  version "1.0.1"
  resolved "https://registry.yarnpkg.com/sliced/-/sliced-1.0.1.tgz#0b3a662b5d04c3177b1926bea82b03f837a2ef41"

space-separated-tokens@^1.0.0:
  version "1.1.2"
  resolved "https://registry.yarnpkg.com/space-separated-tokens/-/space-separated-tokens-1.1.2.tgz#e95ab9d19ae841e200808cd96bc7bd0adbbb3412"
  dependencies:
    trim "0.0.1"

state-toggle@^1.0.0:
  version "1.0.1"
  resolved "https://registry.yarnpkg.com/state-toggle/-/state-toggle-1.0.1.tgz#c3cb0974f40a6a0f8e905b96789eb41afa1cde3a"

stringify-entities@^1.0.1:
  version "1.3.2"
  resolved "https://registry.yarnpkg.com/stringify-entities/-/stringify-entities-1.3.2.tgz#a98417e5471fd227b3e45d3db1861c11caf668f7"
  dependencies:
    character-entities-html4 "^1.0.0"
    character-entities-legacy "^1.0.0"
    is-alphanumerical "^1.0.0"
    is-hexadecimal "^1.0.0"

trim-lines@^1.0.0:
  version "1.1.1"
  resolved "https://registry.yarnpkg.com/trim-lines/-/trim-lines-1.1.1.tgz#da738ff58fa74817588455e30b11b85289f2a396"

trim-trailing-lines@^1.0.0:
  version "1.1.1"
  resolved "https://registry.yarnpkg.com/trim-trailing-lines/-/trim-trailing-lines-1.1.1.tgz#e0ec0810fd3c3f1730516b45f49083caaf2774d9"

trim@0.0.1:
  version "0.0.1"
  resolved "https://registry.yarnpkg.com/trim/-/trim-0.0.1.tgz#5858547f6b290757ee95cccc666fb50084c460dd"

trough@^1.0.0:
  version "1.0.3"
  resolved "https://registry.yarnpkg.com/trough/-/trough-1.0.3.tgz#e29bd1614c6458d44869fc28b255ab7857ef7c24"

unherit@^1.0.4:
  version "1.1.1"
  resolved "https://registry.yarnpkg.com/unherit/-/unherit-1.1.1.tgz#132748da3e88eab767e08fabfbb89c5e9d28628c"
  dependencies:
    inherits "^2.0.1"
    xtend "^4.0.1"

unified-lint-rule@^1.0.0:
  version "1.0.3"
  resolved "https://registry.yarnpkg.com/unified-lint-rule/-/unified-lint-rule-1.0.3.tgz#e302b0c4a7ac428c0980e049a500e59528001299"
  dependencies:
    wrapped "^1.0.1"

unified-message-control@^1.0.0:
  version "1.0.4"
  resolved "https://registry.yarnpkg.com/unified-message-control/-/unified-message-control-1.0.4.tgz#a5e02c07112f78c6687b83a10392c2fba86dc09b"
  dependencies:
    trim "0.0.1"
    unist-util-visit "^1.0.0"
    vfile-location "^2.0.0"

unified@^6.0.0:
  version "6.2.0"
  resolved "https://registry.yarnpkg.com/unified/-/unified-6.2.0.tgz#7fbd630f719126d67d40c644b7e3f617035f6dba"
  dependencies:
    bail "^1.0.0"
    extend "^3.0.0"
    is-plain-obj "^1.1.0"
    trough "^1.0.0"
    vfile "^2.0.0"
    x-is-string "^0.1.0"

unist-builder@^1.0.1:
  version "1.0.3"
  resolved "https://registry.yarnpkg.com/unist-builder/-/unist-builder-1.0.3.tgz#ab0f9d0f10936b74f3e913521955b0478e0ff036"
  dependencies:
    object-assign "^4.1.0"

unist-util-generated@^1.1.0:
  version "1.1.2"
  resolved "https://registry.yarnpkg.com/unist-util-generated/-/unist-util-generated-1.1.2.tgz#8b993f9239d8e560be6ee6e91c3f7b7208e5ce25"

unist-util-is@^2.0.0, unist-util-is@^2.1.2:
  version "2.1.2"
  resolved "https://registry.yarnpkg.com/unist-util-is/-/unist-util-is-2.1.2.tgz#1193fa8f2bfbbb82150633f3a8d2eb9a1c1d55db"

unist-util-position@^3.0.0:
  version "3.0.1"
  resolved "https://registry.yarnpkg.com/unist-util-position/-/unist-util-position-3.0.1.tgz#8e220c24658239bf7ddafada5725ed0ea1ebbc26"

unist-util-remove-position@^1.0.0:
  version "1.1.2"
  resolved "https://registry.yarnpkg.com/unist-util-remove-position/-/unist-util-remove-position-1.1.2.tgz#86b5dad104d0bbfbeb1db5f5c92f3570575c12cb"
  dependencies:
    unist-util-visit "^1.1.0"

unist-util-stringify-position@^1.0.0, unist-util-stringify-position@^1.1.1, unist-util-stringify-position@^1.1.2:
  version "1.1.2"
  resolved "https://registry.yarnpkg.com/unist-util-stringify-position/-/unist-util-stringify-position-1.1.2.tgz#3f37fcf351279dcbca7480ab5889bb8a832ee1c6"

unist-util-visit-parents@^2.0.0:
  version "2.0.1"
  resolved "https://registry.yarnpkg.com/unist-util-visit-parents/-/unist-util-visit-parents-2.0.1.tgz#63fffc8929027bee04bfef7d2cce474f71cb6217"
  dependencies:
    unist-util-is "^2.1.2"

unist-util-visit@^1.0.0, unist-util-visit@^1.1.0, unist-util-visit@^1.1.1:
  version "1.4.0"
  resolved "https://registry.yarnpkg.com/unist-util-visit/-/unist-util-visit-1.4.0.tgz#1cb763647186dc26f5e1df5db6bd1e48b3cc2fb1"
  dependencies:
    unist-util-visit-parents "^2.0.0"

vfile-location@^2.0.0, vfile-location@^2.0.1:
  version "2.0.3"
  resolved "https://registry.yarnpkg.com/vfile-location/-/vfile-location-2.0.3.tgz#083ba80e50968e8d420be49dd1ea9a992131df77"

vfile-message@^1.0.0:
  version "1.0.1"
  resolved "https://registry.yarnpkg.com/vfile-message/-/vfile-message-1.0.1.tgz#51a2ccd8a6b97a7980bb34efb9ebde9632e93677"
  dependencies:
    unist-util-stringify-position "^1.1.1"

vfile@^2.0.0:
  version "2.3.0"
  resolved "https://registry.yarnpkg.com/vfile/-/vfile-2.3.0.tgz#e62d8e72b20e83c324bc6c67278ee272488bf84a"
  dependencies:
    is-buffer "^1.1.4"
    replace-ext "1.0.0"
    unist-util-stringify-position "^1.0.0"
    vfile-message "^1.0.0"

wrapped@^1.0.1:
  version "1.0.1"
  resolved "https://registry.yarnpkg.com/wrapped/-/wrapped-1.0.1.tgz#c783d9d807b273e9b01e851680a938c87c907242"
  dependencies:
    co "3.1.0"
    sliced "^1.0.1"

x-is-string@^0.1.0:
  version "0.1.0"
  resolved "https://registry.yarnpkg.com/x-is-string/-/x-is-string-0.1.0.tgz#474b50865af3a49a9c4657f05acd145458f77d82"

xtend@^4.0.1:
  version "4.0.1"
  resolved "https://registry.yarnpkg.com/xtend/-/xtend-4.0.1.tgz#a5c6d532be656e23db820efb943a1f04998d63af"
